
Microsoft Visual Studio Solution File, Format Version 12.00
# Visual Studio 2012
Project("{FAE04EC0-301F-11D3-BF4B-00C04F79EFBC}") = "Fenero.Reporting.API", "Fenero.Reporting.API.csproj", "{ACAFB524-27A8-4675-A620-94D7EDBE6E7D}"
EndProject
Project("{FAE04EC0-301F-11D3-BF4B-00C04F79EFBC}") = "Fenero.Reporting.API.exe", "Fenero.Reporting.API.exe\Fenero.Reporting.API.exe.csproj", "{368663EA-FB73-48CE-BC34-EA4BE6542056}"
EndProject
Global
	GlobalSection(SolutionConfigurationPlatforms) = preSolution
		Debug|Any CPU = Debug|Any CPU
		Release|Any CPU = Release|Any CPU
	EndGlobalSection
	GlobalSection(ProjectConfigurationPlatforms) = postSolution
		{368663EA-FB73-48CE-BC34-EA4BE6542056}.Debug|Any CPU.ActiveCfg = Debug|Any CPU
		{368663EA-FB73-48CE-BC34-EA4BE6542056}.Debug|Any CPU.Build.0 = Debug|Any CPU
		{368663EA-FB73-48CE-BC34-EA4BE6542056}.Release|Any CPU.ActiveCfg = Release|Any CPU
		{368663EA-FB73-48CE-BC34-EA4BE6542056}.Release|Any CPU.Build.0 = Release|Any CPU
		{ACAFB524-27A8-4675-A620-94D7EDBE6E7D}.Debug|Any CPU.ActiveCfg = Debug|Any CPU
		{ACAFB524-27A8-4675-A620-94D7EDBE6E7D}.Debug|Any CPU.Build.0 = Debug|Any CPU
		{ACAFB524-27A8-4675-A620-94D7EDBE6E7D}.Release|Any CPU.ActiveCfg = Release|Any CPU
		{ACAFB524-27A8-4675-A620-94D7EDBE6E7D}.Release|Any CPU.Build.0 = Release|Any CPU
	EndGlobalSection
	GlobalSection(SolutionProperties) = preSolution
		HideSolutionNode = FALSE
	EndGlobalSection
EndGlobal
